
Microsoft Visual Studio Solution File, Format Version 12.00
# Visual Studio Version 16
VisualStudioVersion = 16.0.31112.23
MinimumVisualStudioVersion = 10.0.40219.1
Project("{FAE04EC0-301F-11D3-BF4B-00C04F79EFBC}") = "Facade", "Facade\Facade.csproj", "{592775B3-FA0A-430D-B930-6904D38340A3}"
EndProject
Global
	GlobalSection(SolutionConfigurationPlatforms) = preSolution
		Debug|Any CPU = Debug|Any CPU
		Release|Any CPU = Release|Any CPU
	EndGlobalSection
	GlobalSection(ProjectConfigurationPlatforms) = postSolution
		{592775B3-FA0A-430D-B930-6904D38340A3}.Debug|Any CPU.ActiveCfg = Debug|Any CPU
		{592775B3-FA0A-430D-B930-6904D38340A3}.Debug|Any CPU.Build.0 = Debug|Any CPU
		{592775B3-FA0A-430D-B930-6904D38340A3}.Release|Any CPU.ActiveCfg = Release|Any CPU
		{592775B3-FA0A-430D-B930-6904D38340A3}.Release|Any CPU.Build.0 = Release|Any CPU
	EndGlobalSection
	GlobalSection(SolutionProperties) = preSolution
		HideSolutionNode = FALSE
	EndGlobalSection
	GlobalSection(ExtensibilityGlobals) = postSolution
		SolutionGuid = {1FD613FC-0FE0-41D6-999B-C90C81EEF08E}
	EndGlobalSection
EndGlobal
