
Microsoft Visual Studio Solution File, Format Version 12.00
# Visual Studio Version 16
VisualStudioVersion = 16.0.31112.23
MinimumVisualStudioVersion = 10.0.40219.1
Project("{FAE04EC0-301F-11D3-BF4B-00C04F79EFBC}") = "AbstractFactory", "AbstractFactory\AbstractFactory.csproj", "{496D2CE8-C532-415C-89E1-A679560C05E3}"
EndProject
Global
	GlobalSection(SolutionConfigurationPlatforms) = preSolution
		Debug|Any CPU = Debug|Any CPU
		Release|Any CPU = Release|Any CPU
	EndGlobalSection
	GlobalSection(ProjectConfigurationPlatforms) = postSolution
		{496D2CE8-C532-415C-89E1-A679560C05E3}.Debug|Any CPU.ActiveCfg = Debug|Any CPU
		{496D2CE8-C532-415C-89E1-A679560C05E3}.Debug|Any CPU.Build.0 = Debug|Any CPU
		{496D2CE8-C532-415C-89E1-A679560C05E3}.Release|Any CPU.ActiveCfg = Release|Any CPU
		{496D2CE8-C532-415C-89E1-A679560C05E3}.Release|Any CPU.Build.0 = Release|Any CPU
	EndGlobalSection
	GlobalSection(SolutionProperties) = preSolution
		HideSolutionNode = FALSE
	EndGlobalSection
	GlobalSection(ExtensibilityGlobals) = postSolution
		SolutionGuid = {6F9200CD-32E6-4A28-9C7A-1753C4DC0BB7}
	EndGlobalSection
EndGlobal
