
Microsoft Visual Studio Solution File, Format Version 12.00
# Visual Studio Version 16
VisualStudioVersion = 16.0.31112.23
MinimumVisualStudioVersion = 10.0.40219.1
Project("{FAE04EC0-301F-11D3-BF4B-00C04F79EFBC}") = "FactoryMethod", "FactoryMethod\FactoryMethod.csproj", "{4DCD624C-ECC7-466F-85A1-D5485C1B7DA4}"
EndProject
Global
	GlobalSection(SolutionConfigurationPlatforms) = preSolution
		Debug|Any CPU = Debug|Any CPU
		Release|Any CPU = Release|Any CPU
	EndGlobalSection
	GlobalSection(ProjectConfigurationPlatforms) = postSolution
		{4DCD624C-ECC7-466F-85A1-D5485C1B7DA4}.Debug|Any CPU.ActiveCfg = Debug|Any CPU
		{4DCD624C-ECC7-466F-85A1-D5485C1B7DA4}.Debug|Any CPU.Build.0 = Debug|Any CPU
		{4DCD624C-ECC7-466F-85A1-D5485C1B7DA4}.Release|Any CPU.ActiveCfg = Release|Any CPU
		{4DCD624C-ECC7-466F-85A1-D5485C1B7DA4}.Release|Any CPU.Build.0 = Release|Any CPU
	EndGlobalSection
	GlobalSection(SolutionProperties) = preSolution
		HideSolutionNode = FALSE
	EndGlobalSection
	GlobalSection(ExtensibilityGlobals) = postSolution
		SolutionGuid = {A2159C0D-15AB-480E-8BA3-494D6B79F044}
	EndGlobalSection
EndGlobal
